
Microsoft Visual Studio Solution File, Format Version 12.00
# Visual Studio Version 16
VisualStudioVersion = 16.0.31205.134
MinimumVisualStudioVersion = 10.0.40219.1
Project("{FAE04EC0-301F-11D3-BF4B-00C04F79EFBC}") = "Raso", "Raso.csproj", "{8BD28E5D-4C7D-4344-B8BD-AA84DD7433C1}"
EndProject
Global
	GlobalSection(SolutionConfigurationPlatforms) = preSolution
		Debug|Any CPU = Debug|Any CPU
		Release|Any CPU = Release|Any CPU
	EndGlobalSection
	GlobalSection(ProjectConfigurationPlatforms) = postSolution
		{8BD28E5D-4C7D-4344-B8BD-AA84DD7433C1}.Debug|Any CPU.ActiveCfg = Debug|Any CPU
		{8BD28E5D-4C7D-4344-B8BD-AA84DD7433C1}.Debug|Any CPU.Build.0 = Debug|Any CPU
		{8BD28E5D-4C7D-4344-B8BD-AA84DD7433C1}.Release|Any CPU.ActiveCfg = Release|Any CPU
		{8BD28E5D-4C7D-4344-B8BD-AA84DD7433C1}.Release|Any CPU.Build.0 = Release|Any CPU
	EndGlobalSection
	GlobalSection(SolutionProperties) = preSolution
		HideSolutionNode = FALSE
	EndGlobalSection
	GlobalSection(ExtensibilityGlobals) = postSolution
		SolutionGuid = {B57CD32B-D16A-47B9-9885-6569F6DC9BEB}
	EndGlobalSection
EndGlobal
